
Microsoft Visual Studio Solution File, Format Version 12.00
# Visual Studio Version 17
VisualStudioVersion = 17.6.33815.320
MinimumVisualStudioVersion = 10.0.40219.1
Project("{FAE04EC0-301F-11D3-BF4B-00C04F79EFBC}") = "FluentWeather.Uwp", "FluentWeather.Uwp\FluentWeather.Uwp.csproj", "{990F1A08-8B42-4B0D-8042-DAF2644481AD}"
EndProject
Project("{9A19103F-16F7-4668-BE54-9A1E7A4F7556}") = "FluentWeather.Abstraction", "FluentWeather.Abstraction\FluentWeather.Abstraction.csproj", "{0627214C-2DA0-4B49-BB12-DC8C44014EEE}"
EndProject
Project("{9A19103F-16F7-4668-BE54-9A1E7A4F7556}") = "FluentWeather.QWeatherProvider", "FluentWeather.QWeatherProvider\FluentWeather.QWeatherProvider.csproj", "{89720EBB-0489-4147-A200-753747F4BCB8}"
EndProject
Project("{9A19103F-16F7-4668-BE54-9A1E7A4F7556}") = "FluentWeather.QWeatherApi", "FluentWeather.QWeatherApi\FluentWeather.QWeatherApi.csproj", "{9FA028DA-9AB6-405E-8EDD-846F1D41868E}"
EndProject
Project("{9A19103F-16F7-4668-BE54-9A1E7A4F7556}") = "FluentWeather.QGeoProvider", "FluentWeather.QGeoProvider\FluentWeather.QGeoProvider.csproj", "{EB061B33-C7DC-4DEC-9398-0CC2C4ABD619}"
EndProject
Project("{9A19103F-16F7-4668-BE54-9A1E7A4F7556}") = "FluentWeather.QGeoApi", "FluentWeather.QGeoApi\FluentWeather.QGeoApi.csproj", "{97F8F447-074B-4F68-A8FE-EC222714AAA0}"
EndProject
Project("{9A19103F-16F7-4668-BE54-9A1E7A4F7556}") = "FluentWeather.DIContainer", "FluentWeather.DIContainer\FluentWeather.DIContainer.csproj", "{15E289D2-4104-4889-B968-60D2C2EFD806}"
EndProject
Project("{FAE04EC0-301F-11D3-BF4B-00C04F79EFBC}") = "FluentWeather.Tasks", "FluentWeather.Tasks\FluentWeather.Tasks.csproj", "{1D5D0620-541D-44AE-8206-90CB899CCF8C}"
EndProject
Global
	GlobalSection(SolutionConfigurationPlatforms) = preSolution
		Debug|Any CPU = Debug|Any CPU
		Debug|ARM = Debug|ARM
		Debug|ARM64 = Debug|ARM64
		Debug|x64 = Debug|x64
		Debug|x86 = Debug|x86
		Release|Any CPU = Release|Any CPU
		Release|ARM = Release|ARM
		Release|ARM64 = Release|ARM64
		Release|x64 = Release|x64
		Release|x86 = Release|x86
	EndGlobalSection
	GlobalSection(ProjectConfigurationPlatforms) = postSolution
		{990F1A08-8B42-4B0D-8042-DAF2644481AD}.Debug|Any CPU.ActiveCfg = Debug|x64
		{990F1A08-8B42-4B0D-8042-DAF2644481AD}.Debug|Any CPU.Build.0 = Debug|x64
		{990F1A08-8B42-4B0D-8042-DAF2644481AD}.Debug|Any CPU.Deploy.0 = Debug|x64
		{990F1A08-8B42-4B0D-8042-DAF2644481AD}.Debug|ARM.ActiveCfg = Debug|ARM
		{990F1A08-8B42-4B0D-8042-DAF2644481AD}.Debug|ARM.Build.0 = Debug|ARM
		{990F1A08-8B42-4B0D-8042-DAF2644481AD}.Debug|ARM.Deploy.0 = Debug|ARM
		{990F1A08-8B42-4B0D-8042-DAF2644481AD}.Debug|ARM64.ActiveCfg = Debug|ARM64
		{990F1A08-8B42-4B0D-8042-DAF2644481AD}.Debug|ARM64.Build.0 = Debug|ARM64
		{990F1A08-8B42-4B0D-8042-DAF2644481AD}.Debug|ARM64.Deploy.0 = Debug|ARM64
		{990F1A08-8B42-4B0D-8042-DAF2644481AD}.Debug|x64.ActiveCfg = Debug|x64
		{990F1A08-8B42-4B0D-8042-DAF2644481AD}.Debug|x64.Build.0 = Debug|x64
		{990F1A08-8B42-4B0D-8042-DAF2644481AD}.Debug|x64.Deploy.0 = Debug|x64
		{990F1A08-8B42-4B0D-8042-DAF2644481AD}.Debug|x86.ActiveCfg = Debug|x86
		{990F1A08-8B42-4B0D-8042-DAF2644481AD}.Debug|x86.Build.0 = Debug|x86
		{990F1A08-8B42-4B0D-8042-DAF2644481AD}.Debug|x86.Deploy.0 = Debug|x86
		{990F1A08-8B42-4B0D-8042-DAF2644481AD}.Release|Any CPU.ActiveCfg = Release|x64
		{990F1A08-8B42-4B0D-8042-DAF2644481AD}.Release|Any CPU.Build.0 = Release|x64
		{990F1A08-8B42-4B0D-8042-DAF2644481AD}.Release|Any CPU.Deploy.0 = Release|x64
		{990F1A08-8B42-4B0D-8042-DAF2644481AD}.Release|ARM.ActiveCfg = Release|ARM
		{990F1A08-8B42-4B0D-8042-DAF2644481AD}.Release|ARM.Build.0 = Release|ARM
		{990F1A08-8B42-4B0D-8042-DAF2644481AD}.Release|ARM.Deploy.0 = Release|ARM
		{990F1A08-8B42-4B0D-8042-DAF2644481AD}.Release|ARM64.ActiveCfg = Release|ARM64
		{990F1A08-8B42-4B0D-8042-DAF2644481AD}.Release|ARM64.Build.0 = Release|ARM64
		{990F1A08-8B42-4B0D-8042-DAF2644481AD}.Release|ARM64.Deploy.0 = Release|ARM64
		{990F1A08-8B42-4B0D-8042-DAF2644481AD}.Release|x64.ActiveCfg = Release|x64
		{990F1A08-8B42-4B0D-8042-DAF2644481AD}.Release|x64.Build.0 = Release|x64
		{990F1A08-8B42-4B0D-8042-DAF2644481AD}.Release|x64.Deploy.0 = Release|x64
		{990F1A08-8B42-4B0D-8042-DAF2644481AD}.Release|x86.ActiveCfg = Release|x86
		{990F1A08-8B42-4B0D-8042-DAF2644481AD}.Release|x86.Build.0 = Release|x86
		{990F1A08-8B42-4B0D-8042-DAF2644481AD}.Release|x86.Deploy.0 = Release|x86
		{0627214C-2DA0-4B49-BB12-DC8C44014EEE}.Debug|Any CPU.ActiveCfg = Debug|Any CPU
		{0627214C-2DA0-4B49-BB12-DC8C44014EEE}.Debug|Any CPU.Build.0 = Debug|Any CPU
		{0627214C-2DA0-4B49-BB12-DC8C44014EEE}.Debug|ARM.ActiveCfg = Debug|Any CPU
		{0627214C-2DA0-4B49-BB12-DC8C44014EEE}.Debug|ARM.Build.0 = Debug|Any CPU
		{0627214C-2DA0-4B49-BB12-DC8C44014EEE}.Debug|ARM64.ActiveCfg = Debug|Any CPU
		{0627214C-2DA0-4B49-BB12-DC8C44014EEE}.Debug|ARM64.Build.0 = Debug|Any CPU
		{0627214C-2DA0-4B49-BB12-DC8C44014EEE}.Debug|x64.ActiveCfg = Debug|Any CPU
		{0627214C-2DA0-4B49-BB12-DC8C44014EEE}.Debug|x64.Build.0 = Debug|Any CPU
		{0627214C-2DA0-4B49-BB12-DC8C44014EEE}.Debug|x86.ActiveCfg = Debug|Any CPU
		{0627214C-2DA0-4B49-BB12-DC8C44014EEE}.Debug|x86.Build.0 = Debug|Any CPU
		{0627214C-2DA0-4B49-BB12-DC8C44014EEE}.Release|Any CPU.ActiveCfg = Release|Any CPU
		{0627214C-2DA0-4B49-BB12-DC8C44014EEE}.Release|Any CPU.Build.0 = Release|Any CPU
		{0627214C-2DA0-4B49-BB12-DC8C44014EEE}.Release|ARM.ActiveCfg = Release|Any CPU
		{0627214C-2DA0-4B49-BB12-DC8C44014EEE}.Release|ARM.Build.0 = Release|Any CPU
		{0627214C-2DA0-4B49-BB12-DC8C44014EEE}.Release|ARM64.ActiveCfg = Release|Any CPU
		{0627214C-2DA0-4B49-BB12-DC8C44014EEE}.Release|ARM64.Build.0 = Release|Any CPU
		{0627214C-2DA0-4B49-BB12-DC8C44014EEE}.Release|x64.ActiveCfg = Release|Any CPU
		{0627214C-2DA0-4B49-BB12-DC8C44014EEE}.Release|x64.Build.0 = Release|Any CPU
		{0627214C-2DA0-4B49-BB12-DC8C44014EEE}.Release|x86.ActiveCfg = Release|Any CPU
		{0627214C-2DA0-4B49-BB12-DC8C44014EEE}.Release|x86.Build.0 = Release|Any CPU
		{89720EBB-0489-4147-A200-753747F4BCB8}.Debug|Any CPU.ActiveCfg = Debug|Any CPU
		{89720EBB-0489-4147-A200-753747F4BCB8}.Debug|Any CPU.Build.0 = Debug|Any CPU
		{89720EBB-0489-4147-A200-753747F4BCB8}.Debug|ARM.ActiveCfg = Debug|Any CPU
		{89720EBB-0489-4147-A200-753747F4BCB8}.Debug|ARM.Build.0 = Debug|Any CPU
		{89720EBB-0489-4147-A200-753747F4BCB8}.Debug|ARM64.ActiveCfg = Debug|Any CPU
		{89720EBB-0489-4147-A200-753747F4BCB8}.Debug|ARM64.Build.0 = Debug|Any CPU
		{89720EBB-0489-4147-A200-753747F4BCB8}.Debug|x64.ActiveCfg = Debug|Any CPU
		{89720EBB-0489-4147-A200-753747F4BCB8}.Debug|x64.Build.0 = Debug|Any CPU
		{89720EBB-0489-4147-A200-753747F4BCB8}.Debug|x86.ActiveCfg = Debug|Any CPU
		{89720EBB-0489-4147-A200-753747F4BCB8}.Debug|x86.Build.0 = Debug|Any CPU
		{89720EBB-0489-4147-A200-753747F4BCB8}.Release|Any CPU.ActiveCfg = Release|Any CPU
		{89720EBB-0489-4147-A200-753747F4BCB8}.Release|Any CPU.Build.0 = Release|Any CPU
		{89720EBB-0489-4147-A200-753747F4BCB8}.Release|ARM.ActiveCfg = Release|Any CPU
		{89720EBB-0489-4147-A200-753747F4BCB8}.Release|ARM.Build.0 = Release|Any CPU
		{89720EBB-0489-4147-A200-753747F4BCB8}.Release|ARM64.ActiveCfg = Release|Any CPU
		{89720EBB-0489-4147-A200-753747F4BCB8}.Release|ARM64.Build.0 = Release|Any CPU
		{89720EBB-0489-4147-A200-753747F4BCB8}.Release|x64.ActiveCfg = Release|Any CPU
		{89720EBB-0489-4147-A200-753747F4BCB8}.Release|x64.Build.0 = Release|Any CPU
		{89720EBB-0489-4147-A200-753747F4BCB8}.Release|x86.ActiveCfg = Release|Any CPU
		{89720EBB-0489-4147-A200-753747F4BCB8}.Release|x86.Build.0 = Release|Any CPU
		{9FA028DA-9AB6-405E-8EDD-846F1D41868E}.Debug|Any CPU.ActiveCfg = Debug|Any CPU
		{9FA028DA-9AB6-405E-8EDD-846F1D41868E}.Debug|Any CPU.Build.0 = Debug|Any CPU
		{9FA028DA-9AB6-405E-8EDD-846F1D41868E}.Debug|ARM.ActiveCfg = Debug|Any CPU
		{9FA028DA-9AB6-405E-8EDD-846F1D41868E}.Debug|ARM.Build.0 = Debug|Any CPU
		{9FA028DA-9AB6-405E-8EDD-846F1D41868E}.Debug|ARM64.ActiveCfg = Debug|Any CPU
		{9FA028DA-9AB6-405E-8EDD-846F1D41868E}.Debug|ARM64.Build.0 = Debug|Any CPU
		{9FA028DA-9AB6-405E-8EDD-846F1D41868E}.Debug|x64.ActiveCfg = Debug|Any CPU
		{9FA028DA-9AB6-405E-8EDD-846F1D41868E}.Debug|x64.Build.0 = Debug|Any CPU
		{9FA028DA-9AB6-405E-8EDD-846F1D41868E}.Debug|x86.ActiveCfg = Debug|Any CPU
		{9FA028DA-9AB6-405E-8EDD-846F1D41868E}.Debug|x86.Build.0 = Debug|Any CPU
		{9FA028DA-9AB6-405E-8EDD-846F1D41868E}.Release|Any CPU.ActiveCfg = Release|Any CPU
		{9FA028DA-9AB6-405E-8EDD-846F1D41868E}.Release|Any CPU.Build.0 = Release|Any CPU
		{9FA028DA-9AB6-405E-8EDD-846F1D41868E}.Release|ARM.ActiveCfg = Release|Any CPU
		{9FA028DA-9AB6-405E-8EDD-846F1D41868E}.Release|ARM.Build.0 = Release|Any CPU
		{9FA028DA-9AB6-405E-8EDD-846F1D41868E}.Release|ARM64.ActiveCfg = Release|Any CPU
		{9FA028DA-9AB6-405E-8EDD-846F1D41868E}.Release|ARM64.Build.0 = Release|Any CPU
		{9FA028DA-9AB6-405E-8EDD-846F1D41868E}.Release|x64.ActiveCfg = Release|Any CPU
		{9FA028DA-9AB6-405E-8EDD-846F1D41868E}.Release|x64.Build.0 = Release|Any CPU
		{9FA028DA-9AB6-405E-8EDD-846F1D41868E}.Release|x86.ActiveCfg = Release|Any CPU
		{9FA028DA-9AB6-405E-8EDD-846F1D41868E}.Release|x86.Build.0 = Release|Any CPU
		{EB061B33-C7DC-4DEC-9398-0CC2C4ABD619}.Debug|Any CPU.ActiveCfg = Debug|Any CPU
		{EB061B33-C7DC-4DEC-9398-0CC2C4ABD619}.Debug|Any CPU.Build.0 = Debug|Any CPU
		{EB061B33-C7DC-4DEC-9398-0CC2C4ABD619}.Debug|ARM.ActiveCfg = Debug|Any CPU
		{EB061B33-C7DC-4DEC-9398-0CC2C4ABD619}.Debug|ARM.Build.0 = Debug|Any CPU
		{EB061B33-C7DC-4DEC-9398-0CC2C4ABD619}.Debug|ARM64.ActiveCfg = Debug|Any CPU
		{EB061B33-C7DC-4DEC-9398-0CC2C4ABD619}.Debug|ARM64.Build.0 = Debug|Any CPU
		{EB061B33-C7DC-4DEC-9398-0CC2C4ABD619}.Debug|x64.ActiveCfg = Debug|Any CPU
		{EB061B33-C7DC-4DEC-9398-0CC2C4ABD619}.Debug|x64.Build.0 = Debug|Any CPU
		{EB061B33-C7DC-4DEC-9398-0CC2C4ABD619}.Debug|x86.ActiveCfg = Debug|Any CPU
		{EB061B33-C7DC-4DEC-9398-0CC2C4ABD619}.Debug|x86.Build.0 = Debug|Any CPU
		{EB061B33-C7DC-4DEC-9398-0CC2C4ABD619}.Release|Any CPU.ActiveCfg = Release|Any CPU
		{EB061B33-C7DC-4DEC-9398-0CC2C4ABD619}.Release|Any CPU.Build.0 = Release|Any CPU
		{EB061B33-C7DC-4DEC-9398-0CC2C4ABD619}.Release|ARM.ActiveCfg = Release|Any CPU
		{EB061B33-C7DC-4DEC-9398-0CC2C4ABD619}.Release|ARM.Build.0 = Release|Any CPU
		{EB061B33-C7DC-4DEC-9398-0CC2C4ABD619}.Release|ARM64.ActiveCfg = Release|Any CPU
		{EB061B33-C7DC-4DEC-9398-0CC2C4ABD619}.Release|ARM64.Build.0 = Release|Any CPU
		{EB061B33-C7DC-4DEC-9398-0CC2C4ABD619}.Release|x64.ActiveCfg = Release|Any CPU
		{EB061B33-C7DC-4DEC-9398-0CC2C4ABD619}.Release|x64.Build.0 = Release|Any CPU
		{EB061B33-C7DC-4DEC-9398-0CC2C4ABD619}.Release|x86.ActiveCfg = Release|Any CPU
		{EB061B33-C7DC-4DEC-9398-0CC2C4ABD619}.Release|x86.Build.0 = Release|Any CPU
		{97F8F447-074B-4F68-A8FE-EC222714AAA0}.Debug|Any CPU.ActiveCfg = Debug|Any CPU
		{97F8F447-074B-4F68-A8FE-EC222714AAA0}.Debug|Any CPU.Build.0 = Debug|Any CPU
		{97F8F447-074B-4F68-A8FE-EC222714AAA0}.Debug|ARM.ActiveCfg = Debug|Any CPU
		{97F8F447-074B-4F68-A8FE-EC222714AAA0}.Debug|ARM.Build.0 = Debug|Any CPU
		{97F8F447-074B-4F68-A8FE-EC222714AAA0}.Debug|ARM64.ActiveCfg = Debug|Any CPU
		{97F8F447-074B-4F68-A8FE-EC222714AAA0}.Debug|ARM64.Build.0 = Debug|Any CPU
		{97F8F447-074B-4F68-A8FE-EC222714AAA0}.Debug|x64.ActiveCfg = Debug|Any CPU
		{97F8F447-074B-4F68-A8FE-EC222714AAA0}.Debug|x64.Build.0 = Debug|Any CPU
		{97F8F447-074B-4F68-A8FE-EC222714AAA0}.Debug|x86.ActiveCfg = Debug|Any CPU
		{97F8F447-074B-4F68-A8FE-EC222714AAA0}.Debug|x86.Build.0 = Debug|Any CPU
		{97F8F447-074B-4F68-A8FE-EC222714AAA0}.Release|Any CPU.ActiveCfg = Release|Any CPU
		{97F8F447-074B-4F68-A8FE-EC222714AAA0}.Release|Any CPU.Build.0 = Release|Any CPU
		{97F8F447-074B-4F68-A8FE-EC222714AAA0}.Release|ARM.ActiveCfg = Release|Any CPU
		{97F8F447-074B-4F68-A8FE-EC222714AAA0}.Release|ARM.Build.0 = Release|Any CPU
		{97F8F447-074B-4F68-A8FE-EC222714AAA0}.Release|ARM64.ActiveCfg = Release|Any CPU
		{97F8F447-074B-4F68-A8FE-EC222714AAA0}.Release|ARM64.Build.0 = Release|Any CPU
		{97F8F447-074B-4F68-A8FE-EC222714AAA0}.Release|x64.ActiveCfg = Release|Any CPU
		{97F8F447-074B-4F68-A8FE-EC222714AAA0}.Release|x64.Build.0 = Release|Any CPU
		{97F8F447-074B-4F68-A8FE-EC222714AAA0}.Release|x86.ActiveCfg = Release|Any CPU
		{97F8F447-074B-4F68-A8FE-EC222714AAA0}.Release|x86.Build.0 = Release|Any CPU
		{15E289D2-4104-4889-B968-60D2C2EFD806}.Debug|Any CPU.ActiveCfg = Debug|Any CPU
		{15E289D2-4104-4889-B968-60D2C2EFD806}.Debug|Any CPU.Build.0 = Debug|Any CPU
		{15E289D2-4104-4889-B968-60D2C2EFD806}.Debug|ARM.ActiveCfg = Debug|Any CPU
		{15E289D2-4104-4889-B968-60D2C2EFD806}.Debug|ARM.Build.0 = Debug|Any CPU
		{15E289D2-4104-4889-B968-60D2C2EFD806}.Debug|ARM64.ActiveCfg = Debug|Any CPU
		{15E289D2-4104-4889-B968-60D2C2EFD806}.Debug|ARM64.Build.0 = Debug|Any CPU
		{15E289D2-4104-4889-B968-60D2C2EFD806}.Debug|x64.ActiveCfg = Debug|Any CPU
		{15E289D2-4104-4889-B968-60D2C2EFD806}.Debug|x64.Build.0 = Debug|Any CPU
		{15E289D2-4104-4889-B968-60D2C2EFD806}.Debug|x86.ActiveCfg = Debug|Any CPU
		{15E289D2-4104-4889-B968-60D2C2EFD806}.Debug|x86.Build.0 = Debug|Any CPU
		{15E289D2-4104-4889-B968-60D2C2EFD806}.Release|Any CPU.ActiveCfg = Release|Any CPU
		{15E289D2-4104-4889-B968-60D2C2EFD806}.Release|Any CPU.Build.0 = Release|Any CPU
		{15E289D2-4104-4889-B968-60D2C2EFD806}.Release|ARM.ActiveCfg = Release|Any CPU
		{15E289D2-4104-4889-B968-60D2C2EFD806}.Release|ARM.Build.0 = Release|Any CPU
		{15E289D2-4104-4889-B968-60D2C2EFD806}.Release|ARM64.ActiveCfg = Release|Any CPU
		{15E289D2-4104-4889-B968-60D2C2EFD806}.Release|ARM64.Build.0 = Release|Any CPU
		{15E289D2-4104-4889-B968-60D2C2EFD806}.Release|x64.ActiveCfg = Release|Any CPU
		{15E289D2-4104-4889-B968-60D2C2EFD806}.Release|x64.Build.0 = Release|Any CPU
		{15E289D2-4104-4889-B968-60D2C2EFD806}.Release|x86.ActiveCfg = Release|Any CPU
		{15E289D2-4104-4889-B968-60D2C2EFD806}.Release|x86.Build.0 = Release|Any CPU
		{1D5D0620-541D-44AE-8206-90CB899CCF8C}.Debug|Any CPU.ActiveCfg = Debug|Any CPU
		{1D5D0620-541D-44AE-8206-90CB899CCF8C}.Debug|Any CPU.Build.0 = Debug|Any CPU
		{1D5D0620-541D-44AE-8206-90CB899CCF8C}.Debug|ARM.ActiveCfg = Debug|ARM
		{1D5D0620-541D-44AE-8206-90CB899CCF8C}.Debug|ARM.Build.0 = Debug|ARM
		{1D5D0620-541D-44AE-8206-90CB899CCF8C}.Debug|ARM64.ActiveCfg = Debug|ARM64
		{1D5D0620-541D-44AE-8206-90CB899CCF8C}.Debug|ARM64.Build.0 = Debug|ARM64
		{1D5D0620-541D-44AE-8206-90CB899CCF8C}.Debug|x64.ActiveCfg = Debug|x64
		{1D5D0620-541D-44AE-8206-90CB899CCF8C}.Debug|x64.Build.0 = Debug|x64
		{1D5D0620-541D-44AE-8206-90CB899CCF8C}.Debug|x86.ActiveCfg = Debug|x86
		{1D5D0620-541D-44AE-8206-90CB899CCF8C}.Debug|x86.Build.0 = Debug|x86
		{1D5D0620-541D-44AE-8206-90CB899CCF8C}.Release|Any CPU.ActiveCfg = Release|Any CPU
		{1D5D0620-541D-44AE-8206-90CB899CCF8C}.Release|Any CPU.Build.0 = Release|Any CPU
		{1D5D0620-541D-44AE-8206-90CB899CCF8C}.Release|ARM.ActiveCfg = Release|ARM
		{1D5D0620-541D-44AE-8206-90CB899CCF8C}.Release|ARM.Build.0 = Release|ARM
		{1D5D0620-541D-44AE-8206-90CB899CCF8C}.Release|ARM64.ActiveCfg = Release|ARM64
		{1D5D0620-541D-44AE-8206-90CB899CCF8C}.Release|ARM64.Build.0 = Release|ARM64
		{1D5D0620-541D-44AE-8206-90CB899CCF8C}.Release|x64.ActiveCfg = Release|x64
		{1D5D0620-541D-44AE-8206-90CB899CCF8C}.Release|x64.Build.0 = Release|x64
		{1D5D0620-541D-44AE-8206-90CB899CCF8C}.Release|x86.ActiveCfg = Release|x86
		{1D5D0620-541D-44AE-8206-90CB899CCF8C}.Release|x86.Build.0 = Release|x86
	EndGlobalSection
	GlobalSection(SolutionProperties) = preSolution
		HideSolutionNode = FALSE
	EndGlobalSection
	GlobalSection(ExtensibilityGlobals) = postSolution
		SolutionGuid = {F258F647-AF53-41F0-BA41-F0D0D956DE41}
	EndGlobalSection
EndGlobal
